// !$*UTF8*$!
{
	archiveVersion = 1;
	classes = {
	};
	objectVersion = 56;
	objects = {

/* Begin PBXBuildFile section */
		001 /* PomoApp.swift in Sources */ = {isa = PBXBuildFile; fileRef = 101; };
		002 /* TimerState.swift in Sources */ = {isa = PBXBuildFile; fileRef = 102; };
		003 /* TimerPreset.swift in Sources */ = {isa = PBXBuildFile; fileRef = 103; };
		004 /* TimerManager.swift in Sources */ = {isa = PBXBuildFile; fileRef = 104; };
		005 /* SoundManager.swift in Sources */ = {isa = PBXBuildFile; fileRef = 105; };
		007 /* Color+Theme.swift in Sources */ = {isa = PBXBuildFile; fileRef = 107; };
		008 /* PopoverView.swift in Sources */ = {isa = PBXBuildFile; fileRef = 108; };
		009 /* TimerRingView.swift in Sources */ = {isa = PBXBuildFile; fileRef = 109; };
		011 /* PresetsView.swift in Sources */ = {isa = PBXBuildFile; fileRef = 111; };
		012 /* CustomTimeView.swift in Sources */ = {isa = PBXBuildFile; fileRef = 112; };
		013 /* SessionCounterView.swift in Sources */ = {isa = PBXBuildFile; fileRef = 113; };
		014 /* Assets.xcassets in Resources */ = {isa = PBXBuildFile; fileRef = 114; };
		015 /* HotKey in Frameworks */ = {isa = PBXBuildFile; productRef = 200; };
		016 /* Sparkle in Frameworks */ = {isa = PBXBuildFile; productRef = 201; };
		017 /* UpdaterManager.swift in Sources */ = {isa = PBXBuildFile; fileRef = 117; };
/* End PBXBuildFile section */

/* Begin PBXFileReference section */
		100 /* Pomo.app */ = {isa = PBXFileReference; explicitFileType = wrapper.application; includeInIndex = 0; path = Pomo.app; sourceTree = BUILT_PRODUCTS_DIR; };
		101 /* PomoApp.swift */ = {isa = PBXFileReference; lastKnownFileType = sourcecode.swift; path = PomoApp.swift; sourceTree = "<group>"; };
		102 /* TimerState.swift */ = {isa = PBXFileReference; lastKnownFileType = sourcecode.swift; path = TimerState.swift; sourceTree = "<group>"; };
		103 /* TimerPreset.swift */ = {isa = PBXFileReference; lastKnownFileType = sourcecode.swift; path = TimerPreset.swift; sourceTree = "<group>"; };
		104 /* TimerManager.swift */ = {isa = PBXFileReference; lastKnownFileType = sourcecode.swift; path = TimerManager.swift; sourceTree = "<group>"; };
		105 /* SoundManager.swift */ = {isa = PBXFileReference; lastKnownFileType = sourcecode.swift; path = SoundManager.swift; sourceTree = "<group>"; };
		107 /* Color+Theme.swift */ = {isa = PBXFileReference; lastKnownFileType = sourcecode.swift; path = "Color+Theme.swift"; sourceTree = "<group>"; };
		108 /* PopoverView.swift */ = {isa = PBXFileReference; lastKnownFileType = sourcecode.swift; path = PopoverView.swift; sourceTree = "<group>"; };
		109 /* TimerRingView.swift */ = {isa = PBXFileReference; lastKnownFileType = sourcecode.swift; path = TimerRingView.swift; sourceTree = "<group>"; };
		111 /* PresetsView.swift */ = {isa = PBXFileReference; lastKnownFileType = sourcecode.swift; path = PresetsView.swift; sourceTree = "<group>"; };
		112 /* CustomTimeView.swift */ = {isa = PBXFileReference; lastKnownFileType = sourcecode.swift; path = CustomTimeView.swift; sourceTree = "<group>"; };
		113 /* SessionCounterView.swift */ = {isa = PBXFileReference; lastKnownFileType = sourcecode.swift; path = SessionCounterView.swift; sourceTree = "<group>"; };
		114 /* Assets.xcassets */ = {isa = PBXFileReference; lastKnownFileType = folder.assetcatalog; path = Assets.xcassets; sourceTree = "<group>"; };
		115 /* Info.plist */ = {isa = PBXFileReference; lastKnownFileType = text.plist.xml; path = Info.plist; sourceTree = "<group>"; };
		116 /* Pomo.entitlements */ = {isa = PBXFileReference; lastKnownFileType = text.plist.entitlements; path = Pomo.entitlements; sourceTree = "<group>"; };
		117 /* UpdaterManager.swift */ = {isa = PBXFileReference; lastKnownFileType = sourcecode.swift; path = UpdaterManager.swift; sourceTree = "<group>"; };
/* End PBXFileReference section */

/* Begin PBXFrameworksBuildPhase section */
		300 /* Frameworks */ = {
			isa = PBXFrameworksBuildPhase;
			buildActionMask = 2147483647;
			files = (
				015 /* HotKey in Frameworks */,
				016 /* Sparkle in Frameworks */,
			);
			runOnlyForDeploymentPostprocessing = 0;
		};
/* End PBXFrameworksBuildPhase section */

/* Begin PBXGroup section */
		400 = {
			isa = PBXGroup;
			children = (
				401 /* Pomo */,
				402 /* Products */,
			);
			sourceTree = "<group>";
		};
		401 /* Pomo */ = {
			isa = PBXGroup;
			children = (
				101 /* PomoApp.swift */,
				403 /* Models */,
				404 /* ViewModels */,
				405 /* Views */,
				406 /* Managers */,
				407 /* Extensions */,
				114 /* Assets.xcassets */,
				115 /* Info.plist */,
				116 /* Pomo.entitlements */,
			);
			path = Pomo;
			sourceTree = "<group>";
		};
		402 /* Products */ = {
			isa = PBXGroup;
			children = (
				100 /* Pomo.app */,
			);
			name = Products;
			sourceTree = "<group>";
		};
		403 /* Models */ = {
			isa = PBXGroup;
			children = (
				102 /* TimerState.swift */,
				103 /* TimerPreset.swift */,
			);
			path = Models;
			sourceTree = "<group>";
		};
		404 /* ViewModels */ = {
			isa = PBXGroup;
			children = (
				104 /* TimerManager.swift */,
			);
			path = ViewModels;
			sourceTree = "<group>";
		};
		405 /* Views */ = {
			isa = PBXGroup;
			children = (
				108 /* PopoverView.swift */,
				109 /* TimerRingView.swift */,
				111 /* PresetsView.swift */,
				112 /* CustomTimeView.swift */,
				113 /* SessionCounterView.swift */,
			);
			path = Views;
			sourceTree = "<group>";
		};
		406 /* Managers */ = {
			isa = PBXGroup;
			children = (
				105 /* SoundManager.swift */,
				117 /* UpdaterManager.swift */,
			);
			path = Managers;
			sourceTree = "<group>";
		};
		407 /* Extensions */ = {
			isa = PBXGroup;
			children = (
				107 /* Color+Theme.swift */,
			);
			path = Extensions;
			sourceTree = "<group>";
		};
/* End PBXGroup section */

/* Begin PBXNativeTarget section */
		500 /* Pomo */ = {
			isa = PBXNativeTarget;
			buildConfigurationList = 600;
			buildPhases = (
				501 /* Sources */,
				300 /* Frameworks */,
				502 /* Resources */,
			);
			buildRules = (
			);
			dependencies = (
			);
			name = Pomo;
			packageProductDependencies = (
				200 /* HotKey */,
				201 /* Sparkle */,
			);
			productName = Pomo;
			productReference = 100 /* Pomo.app */;
			productType = "com.apple.product-type.application";
		};
/* End PBXNativeTarget section */

/* Begin PBXProject section */
		700 /* Project object */ = {
			isa = PBXProject;
			attributes = {
				BuildIndependentTargetsInParallel = 1;
				LastSwiftUpdateCheck = 1500;
				LastUpgradeCheck = 1500;
				TargetAttributes = {
					500 = {
						CreatedOnToolsVersion = 15.0;
					};
				};
			};
			buildConfigurationList = 701;
			compatibilityVersion = "Xcode 14.0";
			developmentRegion = en;
			hasScannedForEncodings = 0;
			knownRegions = (
				en,
				Base,
			);
			mainGroup = 400;
			packageReferences = (
				800 /* XCRemoteSwiftPackageReference "HotKey" */,
				801 /* XCRemoteSwiftPackageReference "Sparkle" */,
			);
			productRefGroup = 402 /* Products */;
			projectDirPath = "";
			projectRoot = "";
			targets = (
				500 /* Pomo */,
			);
		};
/* End PBXProject section */

/* Begin PBXResourcesBuildPhase section */
		502 /* Resources */ = {
			isa = PBXResourcesBuildPhase;
			buildActionMask = 2147483647;
			files = (
				014 /* Assets.xcassets in Resources */,
			);
			runOnlyForDeploymentPostprocessing = 0;
		};
/* End PBXResourcesBuildPhase section */

/* Begin PBXSourcesBuildPhase section */
		501 /* Sources */ = {
			isa = PBXSourcesBuildPhase;
			buildActionMask = 2147483647;
			files = (
				001 /* PomoApp.swift in Sources */,
				002 /* TimerState.swift in Sources */,
				003 /* TimerPreset.swift in Sources */,
				004 /* TimerManager.swift in Sources */,
				005 /* SoundManager.swift in Sources */,
				017 /* UpdaterManager.swift in Sources */,
				007 /* Color+Theme.swift in Sources */,
				008 /* PopoverView.swift in Sources */,
				009 /* TimerRingView.swift in Sources */,
				011 /* PresetsView.swift in Sources */,
				012 /* CustomTimeView.swift in Sources */,
				013 /* SessionCounterView.swift in Sources */,
			);
			runOnlyForDeploymentPostprocessing = 0;
		};
/* End PBXSourcesBuildPhase section */

/* Begin XCBuildConfiguration section */
		601 /* Debug */ = {
			isa = XCBuildConfiguration;
			buildSettings = {
				ASSETCATALOG_COMPILER_APPICON_NAME = AppIcon;
				ASSETCATALOG_COMPILER_GLOBAL_ACCENT_COLOR_NAME = AccentColor;
				CODE_SIGN_ENTITLEMENTS = Pomo/Pomo.entitlements;
				CODE_SIGN_STYLE = Automatic;
				COMBINE_HIDPI_IMAGES = YES;
				CURRENT_PROJECT_VERSION = 1;
				DEVELOPMENT_TEAM = "";
				ENABLE_HARDENED_RUNTIME = YES;
				GENERATE_INFOPLIST_FILE = NO;
				INFOPLIST_FILE = Pomo/Info.plist;
				INFOPLIST_KEY_LSApplicationCategoryType = "public.app-category.productivity";
				INFOPLIST_KEY_NSHumanReadableCopyright = "Copyright © 2026. All rights reserved.";
				LD_RUNPATH_SEARCH_PATHS = (
					"$(inherited)",
					"@executable_path/../Frameworks",
				);
				MACOSX_DEPLOYMENT_TARGET = 13.0;
				MARKETING_VERSION = 1.0;
				PRODUCT_BUNDLE_IDENTIFIER = com.pomo.app;
				PRODUCT_NAME = "$(TARGET_NAME)";
				SWIFT_EMIT_LOC_STRINGS = YES;
				SWIFT_VERSION = 5.0;
			};
			name = Debug;
		};
		602 /* Release */ = {
			isa = XCBuildConfiguration;
			buildSettings = {
				ASSETCATALOG_COMPILER_APPICON_NAME = AppIcon;
				ASSETCATALOG_COMPILER_GLOBAL_ACCENT_COLOR_NAME = AccentColor;
				CODE_SIGN_ENTITLEMENTS = Pomo/Pomo.entitlements;
				CODE_SIGN_STYLE = Automatic;
				COMBINE_HIDPI_IMAGES = YES;
				CURRENT_PROJECT_VERSION = 1;
				DEVELOPMENT_TEAM = "";
				ENABLE_HARDENED_RUNTIME = YES;
				GENERATE_INFOPLIST_FILE = NO;
				INFOPLIST_FILE = Pomo/Info.plist;
				INFOPLIST_KEY_LSApplicationCategoryType = "public.app-category.productivity";
				INFOPLIST_KEY_NSHumanReadableCopyright = "Copyright © 2026. All rights reserved.";
				LD_RUNPATH_SEARCH_PATHS = (
					"$(inherited)",
					"@executable_path/../Frameworks",
				);
				MACOSX_DEPLOYMENT_TARGET = 13.0;
				MARKETING_VERSION = 1.0;
				PRODUCT_BUNDLE_IDENTIFIER = com.pomo.app;
				PRODUCT_NAME = "$(TARGET_NAME)";
				SWIFT_EMIT_LOC_STRINGS = YES;
				SWIFT_VERSION = 5.0;
			};
			name = Release;
		};
		702 /* Debug */ = {
			isa = XCBuildConfiguration;
			buildSettings = {
				ALWAYS_SEARCH_USER_PATHS = NO;
				ASSETCATALOG_COMPILER_GENERATE_SWIFT_ASSET_SYMBOL_EXTENSIONS = YES;
				CLANG_ANALYZER_NONNULL = YES;
				CLANG_ANALYZER_NUMBER_OBJECT_CONVERSION = YES_AGGRESSIVE;
				CLANG_CXX_LANGUAGE_STANDARD = "gnu++20";
				CLANG_ENABLE_MODULES = YES;
				CLANG_ENABLE_OBJC_ARC = YES;
				CLANG_ENABLE_OBJC_WEAK = YES;
				CLANG_WARN_BLOCK_CAPTURE_AUTORELEASING = YES;
				CLANG_WARN_BOOL_CONVERSION = YES;
				CLANG_WARN_COMMA = YES;
				CLANG_WARN_CONSTANT_CONVERSION = YES;
				CLANG_WARN_DEPRECATED_OBJC_IMPLEMENTATIONS = YES;
				CLANG_WARN_DIRECT_OBJC_ISA_USAGE = YES_ERROR;
				CLANG_WARN_DOCUMENTATION_COMMENTS = YES;
				CLANG_WARN_EMPTY_BODY = YES;
				CLANG_WARN_ENUM_CONVERSION = YES;
				CLANG_WARN_INFINITE_RECURSION = YES;
				CLANG_WARN_INT_CONVERSION = YES;
				CLANG_WARN_NON_LITERAL_NULL_CONVERSION = YES;
				CLANG_WARN_OBJC_IMPLICIT_RETAIN_SELF = YES;
				CLANG_WARN_OBJC_LITERAL_CONVERSION = YES;
				CLANG_WARN_OBJC_ROOT_CLASS = YES_ERROR;
				CLANG_WARN_QUOTED_INCLUDE_IN_FRAMEWORK_HEADER = YES;
				CLANG_WARN_RANGE_LOOP_ANALYSIS = YES;
				CLANG_WARN_STRICT_PROTOTYPES = YES;
				CLANG_WARN_SUSPICIOUS_MOVE = YES;
				CLANG_WARN_UNGUARDED_AVAILABILITY = YES_AGGRESSIVE;
				CLANG_WARN_UNREACHABLE_CODE = YES;
				CLANG_WARN__DUPLICATE_METHOD_MATCH = YES;
				COPY_PHASE_STRIP = NO;
				DEBUG_INFORMATION_FORMAT = dwarf;
				ENABLE_STRICT_OBJC_MSGSEND = YES;
				ENABLE_TESTABILITY = YES;
				ENABLE_USER_SCRIPT_SANDBOXING = YES;
				GCC_C_LANGUAGE_STANDARD = gnu17;
				GCC_DYNAMIC_NO_PIC = NO;
				GCC_NO_COMMON_BLOCKS = YES;
				GCC_OPTIMIZATION_LEVEL = 0;
				GCC_PREPROCESSOR_DEFINITIONS = (
					"DEBUG=1",
					"$(inherited)",
				);
				GCC_WARN_64_TO_32_BIT_CONVERSION = YES;
				GCC_WARN_ABOUT_RETURN_TYPE = YES_ERROR;
				GCC_WARN_UNDECLARED_SELECTOR = YES;
				GCC_WARN_UNINITIALIZED_AUTOS = YES_AGGRESSIVE;
				GCC_WARN_UNUSED_FUNCTION = YES;
				GCC_WARN_UNUSED_VARIABLE = YES;
				LOCALIZATION_PREFERS_STRING_CATALOGS = YES;
				MACOSX_DEPLOYMENT_TARGET = 13.0;
				MTL_ENABLE_DEBUG_INFO = INCLUDE_SOURCE;
				MTL_FAST_MATH = YES;
				ONLY_ACTIVE_ARCH = YES;
				SDKROOT = macosx;
				SWIFT_ACTIVE_COMPILATION_CONDITIONS = "DEBUG $(inherited)";
				SWIFT_OPTIMIZATION_LEVEL = "-Onone";
			};
			name = Debug;
		};
		703 /* Release */ = {
			isa = XCBuildConfiguration;
			buildSettings = {
				ALWAYS_SEARCH_USER_PATHS = NO;
				ASSETCATALOG_COMPILER_GENERATE_SWIFT_ASSET_SYMBOL_EXTENSIONS = YES;
				CLANG_ANALYZER_NONNULL = YES;
				CLANG_ANALYZER_NUMBER_OBJECT_CONVERSION = YES_AGGRESSIVE;
				CLANG_CXX_LANGUAGE_STANDARD = "gnu++20";
				CLANG_ENABLE_MODULES = YES;
				CLANG_ENABLE_OBJC_ARC = YES;
				CLANG_ENABLE_OBJC_WEAK = YES;
				CLANG_WARN_BLOCK_CAPTURE_AUTORELEASING = YES;
				CLANG_WARN_BOOL_CONVERSION = YES;
				CLANG_WARN_COMMA = YES;
				CLANG_WARN_CONSTANT_CONVERSION = YES;
				CLANG_WARN_DEPRECATED_OBJC_IMPLEMENTATIONS = YES;
				CLANG_WARN_DIRECT_OBJC_ISA_USAGE = YES_ERROR;
				CLANG_WARN_DOCUMENTATION_COMMENTS = YES;
				CLANG_WARN_EMPTY_BODY = YES;
				CLANG_WARN_ENUM_CONVERSION = YES;
				CLANG_WARN_INFINITE_RECURSION = YES;
				CLANG_WARN_INT_CONVERSION = YES;
				CLANG_WARN_NON_LITERAL_NULL_CONVERSION = YES;
				CLANG_WARN_OBJC_IMPLICIT_RETAIN_SELF = YES;
				CLANG_WARN_OBJC_LITERAL_CONVERSION = YES;
				CLANG_WARN_OBJC_ROOT_CLASS = YES_ERROR;
				CLANG_WARN_QUOTED_INCLUDE_IN_FRAMEWORK_HEADER = YES;
				CLANG_WARN_RANGE_LOOP_ANALYSIS = YES;
				CLANG_WARN_STRICT_PROTOTYPES = YES;
				CLANG_WARN_SUSPICIOUS_MOVE = YES;
				CLANG_WARN_UNGUARDED_AVAILABILITY = YES_AGGRESSIVE;
				CLANG_WARN_UNREACHABLE_CODE = YES;
				CLANG_WARN__DUPLICATE_METHOD_MATCH = YES;
				COPY_PHASE_STRIP = NO;
				DEBUG_INFORMATION_FORMAT = "dwarf-with-dsym";
				ENABLE_NS_ASSERTIONS = NO;
				ENABLE_STRICT_OBJC_MSGSEND = YES;
				ENABLE_USER_SCRIPT_SANDBOXING = YES;
				GCC_C_LANGUAGE_STANDARD = gnu17;
				GCC_NO_COMMON_BLOCKS = YES;
				GCC_WARN_64_TO_32_BIT_CONVERSION = YES;
				GCC_WARN_ABOUT_RETURN_TYPE = YES_ERROR;
				GCC_WARN_UNDECLARED_SELECTOR = YES;
				GCC_WARN_UNINITIALIZED_AUTOS = YES_AGGRESSIVE;
				GCC_WARN_UNUSED_FUNCTION = YES;
				GCC_WARN_UNUSED_VARIABLE = YES;
				LOCALIZATION_PREFERS_STRING_CATALOGS = YES;
				MACOSX_DEPLOYMENT_TARGET = 13.0;
				MTL_ENABLE_DEBUG_INFO = NO;
				MTL_FAST_MATH = YES;
				SDKROOT = macosx;
				SWIFT_COMPILATION_MODE = wholemodule;
			};
			name = Release;
		};
/* End XCBuildConfiguration section */

/* Begin XCConfigurationList section */
		600 /* Build configuration list for PBXNativeTarget "Pomo" */ = {
			isa = XCConfigurationList;
			buildConfigurations = (
				601 /* Debug */,
				602 /* Release */,
			);
			defaultConfigurationIsVisible = 0;
			defaultConfigurationName = Release;
		};
		701 /* Build configuration list for PBXProject "Pomo" */ = {
			isa = XCConfigurationList;
			buildConfigurations = (
				702 /* Debug */,
				703 /* Release */,
			);
			defaultConfigurationIsVisible = 0;
			defaultConfigurationName = Release;
		};
/* End XCConfigurationList section */

/* Begin XCRemoteSwiftPackageReference section */
		800 /* XCRemoteSwiftPackageReference "HotKey" */ = {
			isa = XCRemoteSwiftPackageReference;
			repositoryURL = "https://github.com/soffes/HotKey";
			requirement = {
				kind = upToNextMajorVersion;
				minimumVersion = 0.2.0;
			};
		};
		801 /* XCRemoteSwiftPackageReference "Sparkle" */ = {
			isa = XCRemoteSwiftPackageReference;
			repositoryURL = "https://github.com/sparkle-project/Sparkle";
			requirement = {
				kind = upToNextMajorVersion;
				minimumVersion = 2.0.0;
			};
		};
/* End XCRemoteSwiftPackageReference section */

/* Begin XCSwiftPackageProductDependency section */
		200 /* HotKey */ = {
			isa = XCSwiftPackageProductDependency;
			package = 800 /* XCRemoteSwiftPackageReference "HotKey" */;
			productName = HotKey;
		};
		201 /* Sparkle */ = {
			isa = XCSwiftPackageProductDependency;
			package = 801 /* XCRemoteSwiftPackageReference "Sparkle" */;
			productName = Sparkle;
		};
/* End XCSwiftPackageProductDependency section */
	};
	rootObject = 700 /* Project object */;
}
